
Microsoft Visual Studio Solution File, Format Version 12.00
# Visual Studio Version 17
VisualStudioVersion = 17.0.31903.59
MinimumVisualStudioVersion = 10.0.40219.1
Project("{2150E333-8FDC-42A3-9474-1A3956D46DE8}") = "tests", "tests", "{D036212E-C7DF-471C-8D6E-3BDA89FE04F5}"
EndProject
Project("{9A19103F-16F7-4668-BE54-9A1E7A4F7556}") = "OrderFlow.Tests", "tests\OrderFlow.Tests\OrderFlow.Tests.csproj", "{2B22FFE5-CF58-4C36-96DD-564BF0CFDC23}"
EndProject
Project("{2150E333-8FDC-42A3-9474-1A3956D46DE8}") = "src", "src", "{78359403-F19D-4F5F-AAF6-03F3A0E87A22}"
EndProject
Project("{9A19103F-16F7-4668-BE54-9A1E7A4F7556}") = "OrderFlow.Api", "src\OrderFlow.Api\OrderFlow.Api.csproj", "{A942A209-4556-43D5-97C5-E8541F000D46}"
EndProject
Project("{9A19103F-16F7-4668-BE54-9A1E7A4F7556}") = "OrderFlow.Domain", "src\OrderFlow.Domain\OrderFlow.Domain.csproj", "{2E3EC299-D8AB-4F58-B4A7-735B0FCF3EF1}"
EndProject
Project("{9A19103F-16F7-4668-BE54-9A1E7A4F7556}") = "OrderFlow.Application", "src\OrderFlow.Application\OrderFlow.Application.csproj", "{7537E13E-F3A1-497D-834C-EB20D39B16F7}"
EndProject
Project("{9A19103F-16F7-4668-BE54-9A1E7A4F7556}") = "OrderFlow.Infrastructure", "src\OrderFlow.Infrastructure\OrderFlow.Infrastructure.csproj", "{554597F2-9A36-40B8-8408-0877CB89CC92}"
EndProject
Global
	GlobalSection(SolutionConfigurationPlatforms) = preSolution
		Debug|Any CPU = Debug|Any CPU
		Release|Any CPU = Release|Any CPU
	EndGlobalSection
	GlobalSection(ProjectConfigurationPlatforms) = postSolution
		{2B22FFE5-CF58-4C36-96DD-564BF0CFDC23}.Debug|Any CPU.ActiveCfg = Debug|Any CPU
		{2B22FFE5-CF58-4C36-96DD-564BF0CFDC23}.Debug|Any CPU.Build.0 = Debug|Any CPU
		{2B22FFE5-CF58-4C36-96DD-564BF0CFDC23}.Release|Any CPU.ActiveCfg = Release|Any CPU
		{2B22FFE5-CF58-4C36-96DD-564BF0CFDC23}.Release|Any CPU.Build.0 = Release|Any CPU
		{A942A209-4556-43D5-97C5-E8541F000D46}.Debug|Any CPU.ActiveCfg = Debug|Any CPU
		{A942A209-4556-43D5-97C5-E8541F000D46}.Debug|Any CPU.Build.0 = Debug|Any CPU
		{A942A209-4556-43D5-97C5-E8541F000D46}.Release|Any CPU.ActiveCfg = Release|Any CPU
		{A942A209-4556-43D5-97C5-E8541F000D46}.Release|Any CPU.Build.0 = Release|Any CPU
		{2E3EC299-D8AB-4F58-B4A7-735B0FCF3EF1}.Debug|Any CPU.ActiveCfg = Debug|Any CPU
		{2E3EC299-D8AB-4F58-B4A7-735B0FCF3EF1}.Debug|Any CPU.Build.0 = Debug|Any CPU
		{2E3EC299-D8AB-4F58-B4A7-735B0FCF3EF1}.Release|Any CPU.ActiveCfg = Release|Any CPU
		{2E3EC299-D8AB-4F58-B4A7-735B0FCF3EF1}.Release|Any CPU.Build.0 = Release|Any CPU
		{7537E13E-F3A1-497D-834C-EB20D39B16F7}.Debug|Any CPU.ActiveCfg = Debug|Any CPU
		{7537E13E-F3A1-497D-834C-EB20D39B16F7}.Debug|Any CPU.Build.0 = Debug|Any CPU
		{7537E13E-F3A1-497D-834C-EB20D39B16F7}.Release|Any CPU.ActiveCfg = Release|Any CPU
		{7537E13E-F3A1-497D-834C-EB20D39B16F7}.Release|Any CPU.Build.0 = Release|Any CPU
		{554597F2-9A36-40B8-8408-0877CB89CC92}.Debug|Any CPU.ActiveCfg = Debug|Any CPU
		{554597F2-9A36-40B8-8408-0877CB89CC92}.Debug|Any CPU.Build.0 = Debug|Any CPU
		{554597F2-9A36-40B8-8408-0877CB89CC92}.Release|Any CPU.ActiveCfg = Release|Any CPU
		{554597F2-9A36-40B8-8408-0877CB89CC92}.Release|Any CPU.Build.0 = Release|Any CPU
	EndGlobalSection
	GlobalSection(SolutionProperties) = preSolution
		HideSolutionNode = FALSE
	EndGlobalSection
	GlobalSection(NestedProjects) = preSolution
		{2B22FFE5-CF58-4C36-96DD-564BF0CFDC23} = {D036212E-C7DF-471C-8D6E-3BDA89FE04F5}
		{A942A209-4556-43D5-97C5-E8541F000D46} = {78359403-F19D-4F5F-AAF6-03F3A0E87A22}
		{2E3EC299-D8AB-4F58-B4A7-735B0FCF3EF1} = {78359403-F19D-4F5F-AAF6-03F3A0E87A22}
		{7537E13E-F3A1-497D-834C-EB20D39B16F7} = {78359403-F19D-4F5F-AAF6-03F3A0E87A22}
		{554597F2-9A36-40B8-8408-0877CB89CC92} = {78359403-F19D-4F5F-AAF6-03F3A0E87A22}
	EndGlobalSection
	GlobalSection(ExtensibilityGlobals) = postSolution
		SolutionGuid = {B52A6290-C70C-4126-BBC5-0652E1165E90}
	EndGlobalSection
EndGlobal
